
Microsoft Visual Studio Solution File, Format Version 12.00
# Visual Studio Version 16
VisualStudioVersion = 16.0.30907.101
MinimumVisualStudioVersion = 10.0.40219.1
Project("{FAE04EC0-301F-11D3-BF4B-00C04F79EFBC}") = "GlobalAccelerex.API", "GlobalAccelerex.API\GlobalAccelerex.API.csproj", "{585220BD-6539-4229-B4FB-E0E298283357}"
EndProject
Global
	GlobalSection(SolutionConfigurationPlatforms) = preSolution
		Debug|Any CPU = Debug|Any CPU
		Release|Any CPU = Release|Any CPU
	EndGlobalSection
	GlobalSection(ProjectConfigurationPlatforms) = postSolution
		{585220BD-6539-4229-B4FB-E0E298283357}.Debug|Any CPU.ActiveCfg = Debug|Any CPU
		{585220BD-6539-4229-B4FB-E0E298283357}.Debug|Any CPU.Build.0 = Debug|Any CPU
		{585220BD-6539-4229-B4FB-E0E298283357}.Release|Any CPU.ActiveCfg = Release|Any CPU
		{585220BD-6539-4229-B4FB-E0E298283357}.Release|Any CPU.Build.0 = Release|Any CPU
	EndGlobalSection
	GlobalSection(SolutionProperties) = preSolution
		HideSolutionNode = FALSE
	EndGlobalSection
	GlobalSection(ExtensibilityGlobals) = postSolution
		SolutionGuid = {7A8B82E3-FC19-4A0D-9098-16D6332B26A2}
	EndGlobalSection
EndGlobal
